{
    "_meta": {
        "hash": {
            "sha256": "1797d8c00bb6123470435c0a4d6e258064155fb7c07d2284671981ad736090d1"
        },
        "pipfile-spec": 6,
        "requires": {},
        "sources": [
            {
                "name": "pypi",
                "url": "https://pypi.org/simple",
                "verify_ssl": true
            }
        ]
    },
    "default": {
        "certifi": {
            "hashes": [
                "sha256:1a4995114262bffbc2413b159f2a1a480c969de6e6eb13ee966d470af86af59c",
                "sha256:719a74fb9e33b9bd44cc7f3a8d94bc35e4049deebe19ba7d8e108280cfd59830"
            ],
            "version": "==2020.12.5"
        },
        "chardet": {
            "hashes": [
                "sha256:84ab92ed1c4d4f16916e05906b6b75a6c0fb5db821cc65e70cbd64a3e2a5eaae",
                "sha256:fc323ffcaeaed0e0a02bf4d117757b98aed530d9ed4531e3e15460124c106691"
            ],
            "version": "==3.0.4"
        },
        "enum-compat": {
            "hashes": [
                "sha256:3677daabed56a6f724451d585662253d8fb4e5569845aafa8bb0da36b1a8751e",
                "sha256:88091b617c7fc3bbbceae50db5958023c48dc40b50520005aa3bf27f8f7ea157"
            ],
            "version": "==0.0.3"
        },
        "evdev": {
            "hashes": [
                "sha256:8782740eb1a86b187334c07feb5127d3faa0b236e113206dfe3ae8f77fb1aaf1"
            ],
            "markers": "'linux' in sys_platform",
            "version": "==1.4.0"
        },
        "future": {
            "hashes": [
                "sha256:b1bead90b70cf6ec3f0710ae53a525360fa360d306a86583adc6bf83a4db537d"
            ],
            "version": "==0.18.2"
        },
        "getch": {
            "hashes": [
                "sha256:a6c22717c10051ce65b8fb7bddb171af705b1175e694a73be956990f6089d8b1"
            ],
            "index": "pypi",
            "markers": "sys_platform == 'linux'",
            "version": "==1.0"
        },
        "idna": {
            "hashes": [
                "sha256:b307872f855b18632ce0c21c5e45be78c0ea7ae4c15c828c20788b26921eb3f6",
                "sha256:b97d804b1e9b523befed77c48dacec60e6dcb0b5391d57af6a65a312a90648c0"
            ],
            "version": "==2.10"
        },
        "pathtools": {
            "hashes": [
                "sha256:7c35c5421a39bb82e58018febd90e3b6e5db34c5443aaaf742b3f33d4655f1c0"
            ],
            "version": "==0.1.2"
        },
        "pynput": {
            "hashes": [
                "sha256:5a5598bfb14322eff980ac6ca820635fce9028faa4f64a8e1581243aaf6785ee",
                "sha256:b2b96cec8411a940a7f73da6965f13927d03d46fb5105c5bc63ed04f29b2b8f0"
            ],
            "index": "pypi",
            "version": "==1.7.1"
        },
        "pypiwin32": {
            "hashes": [
                "sha256:67adf399debc1d5d14dffc1ab5acacb800da569754fafdc576b2a039485aa775",
                "sha256:71be40c1fbd28594214ecaecb58e7aa8b708eabfa0125c8a109ebd51edbd776a"
            ],
            "index": "pypi",
            "markers": "sys_platform == 'win32'",
            "version": "==223"
        },
        "python-xlib": {
            "hashes": [
                "sha256:044095d1b1a5eab5a79f8d0b66f811a9ac6acd038dd3bae00cb3dbe90b32a7e3",
                "sha256:e4bcb756f4aa05be7b82ee21de0ba04d73414018727b42ebd9fbcf409ea75d13"
            ],
            "markers": "'linux' in sys_platform",
            "version": "==0.29"
        },
        "pywin32": {
            "hashes": [
                "sha256:00eaf43dbd05ba6a9b0080c77e161e0b7a601f9a3f660727a952e40140537de7",
                "sha256:11cb6610efc2f078c9e6d8f5d0f957620c333f4b23466931a247fb945ed35e89",
                "sha256:1f45db18af5d36195447b2cffacd182fe2d296849ba0aecdab24d3852fbf3f80",
                "sha256:37dc9935f6a383cc744315ae0c2882ba1768d9b06700a70f35dc1ce73cd4ba9c",
                "sha256:6e38c44097a834a4707c1b63efa9c2435f5a42afabff634a17f563bc478dfcc8",
                "sha256:8319bafdcd90b7202c50d6014efdfe4fde9311b3ff15fd6f893a45c0868de203",
                "sha256:9b3466083f8271e1a5eb0329f4e0d61925d46b40b195a33413e0905dccb285e8",
                "sha256:a60d795c6590a5b6baeacd16c583d91cce8038f959bd80c53bd9a68f40130f2d",
                "sha256:af40887b6fc200eafe4d7742c48417529a8702dcc1a60bf89eee152d1d11209f",
                "sha256:ec16d44b49b5f34e99eb97cf270806fdc560dff6f84d281eb2fcb89a014a56a9",
                "sha256:ed74b72d8059a6606f64842e7917aeee99159ebd6b8d6261c518d002837be298",
                "sha256:fa6ba028909cfc64ce9e24bcf22f588b14871980d9787f1e2002c99af8f1850c"
            ],
            "index": "pypi",
            "markers": "sys_platform == 'win32'",
            "version": "==228"
        },
        "requests": {
            "hashes": [
                "sha256:b3559a131db72c33ee969480840fff4bb6dd111de7dd27c8ee1f820f4f00231b",
                "sha256:fe75cc94a9443b9246fc7049224f75604b113c36acb93f87b80ed42c44cbb898"
            ],
            "index": "pypi",
            "version": "==2.24.0"
        },
        "six": {
            "hashes": [
                "sha256:30639c035cdb23534cd4aa2dd52c3bf48f06e5f4a941509c8bafd8ce11080259",
                "sha256:8b74bedcbbbaca38ff6d7491d76f2b06b3592611af620f8426e82dddb04a5ced"
            ],
            "version": "==1.15.0"
        },
        "urllib3": {
            "hashes": [
                "sha256:8d7eaa5a82a1cac232164990f04874c594c9453ec55eef02eab885aa02fc17a2",
                "sha256:f5321fbe4bf3fefa0efd0bfe7fb14e90909eb62a48ccda331726b4319897dd5e"
            ],
            "version": "==1.25.11"
        },
        "watchdog": {
            "hashes": [
                "sha256:4214e1379d128b0588021880ccaf40317ee156d4603ac388b9adcf29165e0c04"
            ],
            "index": "pypi",
            "version": "==0.10.3"
        },
        "websockets": {
            "hashes": [
                "sha256:0943a856b38ecafc5ab96261687d1e744d4307815927911eb76ae609b5d21e0e",
                "sha256:0b5c20681b1e12df80499e3323e3cdb2b813553e2553aa392d3db8a063100fb8",
                "sha256:163c6cfdf74e2034b22c51c727b7f7b4aae2fa949555aeafd79dcffab34b2bd3",
                "sha256:16c1875f957c685e8bd815cd164eaf46373940c14b01b0baff81169249c95922",
                "sha256:1cf7b0b78ed8134c6043d6425d53ee1232de1d07e4df02d446e4d0bff93270c1",
                "sha256:2ab64e9fd18e57a66b63a8774e337d81d6366412bef65c7d71f87ad5c4faeed5",
                "sha256:33c59a9151bd0b133e6314063f5a5924273e6ff038e7ac9ec7dcea40d0619723",
                "sha256:3437fd1fce7a40fa315080ab61c7744695a2ca3e8d5d6e7576d09c4b697b7f38",
                "sha256:3a69e07ed385b383adc0731effe47680caa60232cb32bf43e38dd1e48c602126",
                "sha256:3b61adeb0bc4b34a62ec231b320967d7ca61b40ee26f8ec8d93d1d5ae292deef",
                "sha256:3f768eeaa001efc23d140701e666b18f76b9aaaefc38889bdb3a47afabdbd199",
                "sha256:407a215d4d92576b582dac3bb8a66e0d7d1428abb1c48b2c0cf7e8e71c87e2f1",
                "sha256:40a73c4f9d0a5796688753c115b3b5a29269e0bcb8661f5d0f9e1352b81839fd",
                "sha256:55299ba19717d6cfc5341d1653d2ada41986073978bf1f6128cdf0fd4bc240c1",
                "sha256:5a1f7580a035e97d015963c6935d5ba9aabca8fca056aaef73e82d3bcfee6d79",
                "sha256:60ecbc6ce686dc1d640d9771342e3f4477f21fa65a10235b390c45c28b3c2399",
                "sha256:66c112ef31a8b419dac4a1a5baaa2e76610ed184801123e80a0ba9c7173177ff",
                "sha256:69a5972956759224c5201007ff49398a78a23baca344185533093602f56cbbbe",
                "sha256:73a9195c6e009d0c34d0519eb75c5d78e5bd0d2e3998f35b0c35e1e23b3f5a6b",
                "sha256:77866cba716a78a056612541f9cc47de93ba70cee3395337131cd3cb87a10273",
                "sha256:7cfbe5339dc5a2dc813e96626fa9e659e252df78fbef5b8e67ad17578a78c147",
                "sha256:8c0a414ffebb1cd5fc603cc1cb5347f5e564762aa8f12c411507c7345907781f",
                "sha256:8d084ac3da927dd252fe11cb082a75dbb377fbb11e8ebdc095297ef44d0764aa",
                "sha256:9480bb6f41f76de3fd7a8937834f740fd331a3af2d92dd15d45a2c27c6b546e6",
                "sha256:966fe1574708927322d0b5caff0b49fd7ab5f889eb4ba6aefa5718be3e7c879f",
                "sha256:9b0ac168c258c6e42cabfef699c1282043e9fa0e7d6a211f93998dc8b2249238",
                "sha256:a508a1e2630ebd88c4a60e0443a4bc3b6370d2a9c2c2d534ab0d718cd63ad589",
                "sha256:a864ecd9e3a862342b6288129cd0557e2d0a785ec82ded4b562254e326e5a566",
                "sha256:a96ed836dae26d50ef69648ac804c7e53aca81dd9c90ef1128acef3925b7e055",
                "sha256:b15043e495ff7a601a98d4d5f019f1ae4b6b643d9dbcf3d9398af58fe5545148",
                "sha256:ccce35e8ab229a5b518bc72391ea5989fb6fec9817e772897d67ff1a12cc1a8b",
                "sha256:e496386bfb8e1e89824bb488f387bca8eff304c67fd030f1bd40d0c41a8f8734",
                "sha256:f876ae0e6acfcce6cd03601f9bda37f210b568888cba99075f64503bf2174a08"
            ],
            "index": "pypi",
            "version": "==9.0.1"
        },
        "xlib": {
            "hashes": [
                "sha256:60b7cd5d90f5d5922d9ce27b61589c07d970796558d417461db7b66e366bc401",
                "sha256:8eee67dad83ef4b82bbbfa85d51eeb20c79d12b119fe25aa1d27bd602ff82212"
            ],
            "index": "pypi",
            "markers": "sys_platform == 'linux'",
            "version": "==0.21"
        },
        "yeelight": {
            "hashes": [
                "sha256:049ad970e3d6c277e072658f6abf2e66bf1ae6e7c97fab4d79c66df0834e17af",
                "sha256:8d49846f0cede1e312cbcd1d0e44c42073910bbcadb31b87ce2a7d24dea3af38"
            ],
            "index": "pypi",
            "version": "==0.5.3"
        }
    },
    "develop": {
        "astroid": {
            "hashes": [
                "sha256:87ae7f2398b8a0ae5638ddecf9987f081b756e0e9fc071aeebdca525671fc4dc",
                "sha256:b31c92f545517dcc452f284bc9c044050862fbe6d93d2b3de4a215a6b384bf0d"
            ],
            "version": "==2.5"
        },
        "flake8": {
            "hashes": [
                "sha256:15e351d19611c887e482fb960eae4d44845013cc142d42896e9862f775d8cf5c",
                "sha256:f04b9fcbac03b0a3e58c0ab3a0ecc462e023a9faf046d57794184028123aa208"
            ],
            "index": "pypi",
            "version": "==3.8.3"
        },
        "isort": {
            "hashes": [
                "sha256:0a943902919f65c5684ac4e0154b1ad4fac6dcaa5d9f3426b732f1c8b5419be6",
                "sha256:2bb1680aad211e3c9944dbce1d4ba09a989f04e238296c87fe2139faa26d655d"
            ],
            "version": "==5.8.0"
        },
        "lazy-object-proxy": {
            "hashes": [
                "sha256:17e0967ba374fc24141738c69736da90e94419338fd4c7c7bef01ee26b339653",
                "sha256:1fee665d2638491f4d6e55bd483e15ef21f6c8c2095f235fef72601021e64f61",
                "sha256:22ddd618cefe54305df49e4c069fa65715be4ad0e78e8d252a33debf00f6ede2",
                "sha256:24a5045889cc2729033b3e604d496c2b6f588c754f7a62027ad4437a7ecc4837",
                "sha256:410283732af311b51b837894fa2f24f2c0039aa7f220135192b38fcc42bd43d3",
                "sha256:4732c765372bd78a2d6b2150a6e99d00a78ec963375f236979c0626b97ed8e43",
                "sha256:489000d368377571c6f982fba6497f2aa13c6d1facc40660963da62f5c379726",
                "sha256:4f60460e9f1eb632584c9685bccea152f4ac2130e299784dbaf9fae9f49891b3",
                "sha256:5743a5ab42ae40caa8421b320ebf3a998f89c85cdc8376d6b2e00bd12bd1b587",
                "sha256:85fb7608121fd5621cc4377a8961d0b32ccf84a7285b4f1d21988b2eae2868e8",
                "sha256:9698110e36e2df951c7c36b6729e96429c9c32b3331989ef19976592c5f3c77a",
                "sha256:9d397bf41caad3f489e10774667310d73cb9c4258e9aed94b9ec734b34b495fd",
                "sha256:b579f8acbf2bdd9ea200b1d5dea36abd93cabf56cf626ab9c744a432e15c815f",
                "sha256:b865b01a2e7f96db0c5d12cfea590f98d8c5ba64ad222300d93ce6ff9138bcad",
                "sha256:bf34e368e8dd976423396555078def5cfc3039ebc6fc06d1ae2c5a65eebbcde4",
                "sha256:c6938967f8528b3668622a9ed3b31d145fab161a32f5891ea7b84f6b790be05b",
                "sha256:d1c2676e3d840852a2de7c7d5d76407c772927addff8d742b9808fe0afccebdf",
                "sha256:d7124f52f3bd259f510651450e18e0fd081ed82f3c08541dffc7b94b883aa981",
                "sha256:d900d949b707778696fdf01036f58c9876a0d8bfe116e8d220cfd4b15f14e741",
                "sha256:ebfd274dcd5133e0afae738e6d9da4323c3eb021b3e13052d8cbd0e457b1256e",
                "sha256:ed361bb83436f117f9917d282a456f9e5009ea12fd6de8742d1a4752c3017e93",
                "sha256:f5144c75445ae3ca2057faac03fda5a902eff196702b0a24daf1d6ce0650514b"
            ],
            "version": "==1.6.0"
        },
        "mccabe": {
            "hashes": [
                "sha256:ab8a6258860da4b6677da4bd2fe5dc2c659cff31b3ee4f7f5d64e79735b80d42",
                "sha256:dd8d182285a0fe56bace7f45b5e7d1a6ebcbf524e8f3bd87eb0f125271b8831f"
            ],
            "version": "==0.6.1"
        },
        "pycodestyle": {
            "hashes": [
                "sha256:2295e7b2f6b5bd100585ebcb1f616591b652db8a741695b3d8f5d28bdc934367",
                "sha256:c58a7d2815e0e8d7972bf1803331fb0152f867bd89adf8a01dfd55085434192e"
            ],
            "version": "==2.6.0"
        },
        "pyflakes": {
            "hashes": [
                "sha256:0d94e0e05a19e57a99444b6ddcf9a6eb2e5c68d3ca1e98e90707af8152c90a92",
                "sha256:35b2d75ee967ea93b55750aa9edbbf72813e06a66ba54438df2cfac9e3c27fc8"
            ],
            "version": "==2.2.0"
        },
        "pyinstaller": {
            "file": "https://github.com/pyinstaller/pyinstaller/archive/develop.tar.gz"
        },
        "pylint": {
            "hashes": [
                "sha256:bb4a908c9dadbc3aac18860550e870f58e1a02c9f2c204fdf5693d73be061210",
                "sha256:bfe68f020f8a0fece830a22dd4d5dddb4ecc6137db04face4c3420a46a52239f"
            ],
            "index": "pypi",
            "version": "==2.6.0"
        },
        "toml": {
            "hashes": [
                "sha256:806143ae5bfb6a3c6e736a764057db0e6a0e05e338b5630894a5f779cabb4f9b",
                "sha256:b3bda1d108d5dd99f4a20d24d9c348e91c4db7ab1b749200bded2f839ccbe68f"
            ],
            "version": "==0.10.2"
        },
        "wrapt": {
            "hashes": [
                "sha256:b62ffa81fb85f4332a4f609cab4ac40709470da05643a082ec1eb88e6d9b97d7"
            ],
            "version": "==1.12.1"
        }
    }
}
